
Microsoft Visual Studio Solution File, Format Version 12.00
# Visual Studio 15
VisualStudioVersion = 15.0.26430.14
MinimumVisualStudioVersion = 10.0.40219.1
Project("{FAE04EC0-301F-11D3-BF4B-00C04F79EFBC}") = "KingOfPetsAPI", "KingOfPetsAPI\KingOfPetsAPI.csproj", "{BB105E6D-1C45-42DB-AB20-B09F3C7AB79F}"
EndProject
Global
	GlobalSection(SolutionConfigurationPlatforms) = preSolution
		Debug|Any CPU = Debug|Any CPU
		Release|Any CPU = Release|Any CPU
	EndGlobalSection
	GlobalSection(ProjectConfigurationPlatforms) = postSolution
		{BB105E6D-1C45-42DB-AB20-B09F3C7AB79F}.Debug|Any CPU.ActiveCfg = Debug|Any CPU
		{BB105E6D-1C45-42DB-AB20-B09F3C7AB79F}.Debug|Any CPU.Build.0 = Debug|Any CPU
		{BB105E6D-1C45-42DB-AB20-B09F3C7AB79F}.Release|Any CPU.ActiveCfg = Release|Any CPU
		{BB105E6D-1C45-42DB-AB20-B09F3C7AB79F}.Release|Any CPU.Build.0 = Release|Any CPU
	EndGlobalSection
	GlobalSection(SolutionProperties) = preSolution
		HideSolutionNode = FALSE
	EndGlobalSection
EndGlobal
